
Microsoft Visual Studio Solution File, Format Version 12.00
# Visual Studio Version 17
VisualStudioVersion = 17.4.33205.214
MinimumVisualStudioVersion = 10.0.40219.1
Project("{E53339B2-1760-4266-BCC7-CA923CBCF16C}") = "docker-compose", "docker-compose.dcproj", "{7F813513-BC6C-4C0B-96BB-40CF78498087}"
EndProject
Project("{2150E333-8FDC-42A3-9474-1A3956D46DE8}") = "Services", "Services", "{67843DFE-B47A-4EFF-AF41-97AEEEEF9176}"
EndProject
Project("{2150E333-8FDC-42A3-9474-1A3956D46DE8}") = "Libraries", "Libraries", "{CFFA5A0F-F475-4C65-B129-AB12F04D143F}"
EndProject
Project("{FAE04EC0-301F-11D3-BF4B-00C04F79EFBC}") = "ExceptionLibrary", "ExceptionLibrary\ExceptionLibrary.csproj", "{B22B7AC9-2877-46BD-A0C3-8D721AF68D6A}"
EndProject
Project("{FAE04EC0-301F-11D3-BF4B-00C04F79EFBC}") = "FluentValidationLibrary", "FluentValidationLibrary\FluentValidationLibrary.csproj", "{8E9AB452-2BB6-4FE5-8678-D7EEFE2482AD}"
EndProject
Project("{FAE04EC0-301F-11D3-BF4B-00C04F79EFBC}") = "ServiceLibrary", "ServiceLibrary\ServiceLibrary.csproj", "{3433C4ED-E5F9-406D-A24A-EAF779263C7E}"
EndProject
Project("{FAE04EC0-301F-11D3-BF4B-00C04F79EFBC}") = "LoggerLibrary.Serilog", "LoggerLibrary.Serilog\LoggerLibrary.Serilog.csproj", "{472580DF-EAB4-4FF1-83A3-E8E744B4C473}"
EndProject
Project("{FAE04EC0-301F-11D3-BF4B-00C04F79EFBC}") = "LoggerLibrary", "LoggerLibrary\LoggerLibrary.csproj", "{49AEDDA8-7C26-44A2-A357-8AA03BB9733E}"
EndProject
Project("{2150E333-8FDC-42A3-9474-1A3956D46DE8}") = "LoggerLibrary", "LoggerLibrary", "{201C8FAA-8634-4F5C-A6B6-153D09A09D17}"
EndProject
Project("{2150E333-8FDC-42A3-9474-1A3956D46DE8}") = "ExceptionLibrary", "ExceptionLibrary", "{23C82D92-81B0-44C5-9BA5-1396C91A27C4}"
EndProject
Project("{FAE04EC0-301F-11D3-BF4B-00C04F79EFBC}") = "ExceptionLibrary.Handlers", "ExceptionLibrary.Handlers\ExceptionLibrary.Handlers.csproj", "{FF844060-1A93-4C18-84C4-69DDF4EADEA0}"
EndProject
Project("{FAE04EC0-301F-11D3-BF4B-00C04F79EFBC}") = "ResultLibrary", "ResultLibrary\ResultLibrary.csproj", "{2B04A941-1D22-4360-9826-41758ABDAA7D}"
EndProject
Project("{2150E333-8FDC-42A3-9474-1A3956D46DE8}") = "HealthCheckLibrary", "HealthCheckLibrary", "{61E6D02D-1847-4F6A-AF15-DA2242B18DA5}"
EndProject
Project("{FAE04EC0-301F-11D3-BF4B-00C04F79EFBC}") = "HealthCheckLibrary", "HealthCheckLibrary\HealthCheckLibrary.csproj", "{EEC26EFB-0EA0-431C-82F7-596B825E89CC}"
EndProject
Project("{2150E333-8FDC-42A3-9474-1A3956D46DE8}") = "EntityFrameworkCore", "EntityFrameworkCore", "{AFE2D363-B7C9-4923-B221-1A123FE18668}"
EndProject
Project("{FAE04EC0-301F-11D3-BF4B-00C04F79EFBC}") = "HealthCheckLibrary.EntityFrameworkCore.DependencyInjection", "HealthCheckLibrary.EntityFrameworkCore.DependencyInjection\HealthCheckLibrary.EntityFrameworkCore.DependencyInjection.csproj", "{E0714C01-007B-42D2-8D8F-5F4496898298}"
EndProject
Project("{FAE04EC0-301F-11D3-BF4B-00C04F79EFBC}") = "HealthCheckLibrary.AspNetCore.Routing", "HealthCheckLibrary.AspNetCore.Routing\HealthCheckLibrary.AspNetCore.Routing.csproj", "{07D359C0-9D3C-439D-8EA5-2F7558672D9E}"
EndProject
Project("{2150E333-8FDC-42A3-9474-1A3956D46DE8}") = "MediatrLibrary", "MediatrLibrary", "{B1322EC2-D6DF-4074-8118-A3C52E7B6E39}"
EndProject
Project("{FAE04EC0-301F-11D3-BF4B-00C04F79EFBC}") = "MediatrFluentValidatorBehaviorLibrary", "MediatrFluentValidatorBehaviorLibrary\MediatrFluentValidatorBehaviorLibrary.csproj", "{69C3B70F-92C8-4ED4-AF8E-ACD0941A168A}"
EndProject
Project("{2150E333-8FDC-42A3-9474-1A3956D46DE8}") = "FluentValidationLibrary", "FluentValidationLibrary", "{01D3D895-7145-4230-90A3-53CFDC500DC0}"
EndProject
Project("{2150E333-8FDC-42A3-9474-1A3956D46DE8}") = "Common", "Common", "{B7C06F71-5B98-41CF-8549-CE9466762AF7}"
EndProject
Project("{FAE04EC0-301F-11D3-BF4B-00C04F79EFBC}") = "Common", "Common\Common.csproj", "{4E2F837B-DF0A-46F1-9481-91DDD1195508}"
EndProject
Project("{2150E333-8FDC-42A3-9474-1A3956D46DE8}") = "ResultLibrary", "ResultLibrary", "{0FD1A44A-A10B-4514-95A9-82143DAA4CFD}"
EndProject
Project("{FAE04EC0-301F-11D3-BF4B-00C04F79EFBC}") = "ResultLibrary.AspNetCore", "ResultLibrary.AspNetCore\ResultLibrary.AspNetCore.csproj", "{2AE5E7D5-636A-449D-8693-A2E1EB1E6689}"
EndProject
Project("{2150E333-8FDC-42A3-9474-1A3956D46DE8}") = "Identity", "Identity", "{BB035B79-F8A4-4A8F-9E65-F7BF4DDC77C9}"
EndProject
Project("{FAE04EC0-301F-11D3-BF4B-00C04F79EFBC}") = "Identity.Presentation", "Identity.Presentation\Identity.Presentation.csproj", "{A2FC39BB-8208-4C3B-B0DD-27677CE6D9B1}"
EndProject
Project("{FAE04EC0-301F-11D3-BF4B-00C04F79EFBC}") = "Identity.Domain", "Identity.Domain\Identity.Domain.csproj", "{2F62AE86-1689-46C9-8012-7AC8BF0F300B}"
EndProject
Project("{FAE04EC0-301F-11D3-BF4B-00C04F79EFBC}") = "Identity.Application", "Identity.Application\Identity.Application.csproj", "{BC973326-B6B0-4FA0-B13C-4D6994EC05E2}"
EndProject
Project("{FAE04EC0-301F-11D3-BF4B-00C04F79EFBC}") = "Identity.Infrastructure", "Identity.Infrastructure\Identity.Infrastructure.csproj", "{E9D462E6-AF3E-4727-B477-69A262017924}"
EndProject
Project("{FAE04EC0-301F-11D3-BF4B-00C04F79EFBC}") = "LoggerLibrary.MassTransit", "LoggerLibrary.MassTransit\LoggerLibrary.MassTransit.csproj", "{50EDEC37-8C9D-4D65-95AE-618CA7A7C390}"
EndProject
Project("{FAE04EC0-301F-11D3-BF4B-00C04F79EFBC}") = "LoggerLibrary.MassTransit.RabbitMq", "LoggerLibrary.MassTransit.RabbitMq\LoggerLibrary.MassTransit.RabbitMq.csproj", "{F4B21F63-A0F6-45E1-8AB3-1A80E0ABAA4D}"
EndProject
Project("{2150E333-8FDC-42A3-9474-1A3956D46DE8}") = "LoggerLibrary.MassTransit", "LoggerLibrary.MassTransit", "{D2703CA3-D612-4ECD-B86E-A1467B7A3488}"
EndProject
Project("{FAE04EC0-301F-11D3-BF4B-00C04F79EFBC}") = "LoggerLibrary.AspNetCore", "LoggerLibrary.AspNetCore\LoggerLibrary.AspNetCore.csproj", "{C85EEA18-7B5F-425F-986A-2886370866CF}"
EndProject
Project("{FAE04EC0-301F-11D3-BF4B-00C04F79EFBC}") = "ExceptionLibrary.Handlers.AspNetCore", "ExceptionLibrary.Handlers.AspNetCore\ExceptionLibrary.Handlers.AspNetCore.csproj", "{37DCE87D-ED39-4595-8038-934B77FFC040}"
EndProject
Project("{FAE04EC0-301F-11D3-BF4B-00C04F79EFBC}") = "EntityFrameworkCoreLibrary", "EntityFrameworkCoreLibrary\EntityFrameworkCoreLibrary.csproj", "{E1AB1052-FF9D-4CB5-AEE8-A592B9B02FC9}"
EndProject
Global
	GlobalSection(SolutionConfigurationPlatforms) = preSolution
		Debug|Any CPU = Debug|Any CPU
		Release|Any CPU = Release|Any CPU
	EndGlobalSection
	GlobalSection(ProjectConfigurationPlatforms) = postSolution
		{7F813513-BC6C-4C0B-96BB-40CF78498087}.Debug|Any CPU.ActiveCfg = Debug|Any CPU
		{7F813513-BC6C-4C0B-96BB-40CF78498087}.Debug|Any CPU.Build.0 = Debug|Any CPU
		{7F813513-BC6C-4C0B-96BB-40CF78498087}.Release|Any CPU.ActiveCfg = Release|Any CPU
		{7F813513-BC6C-4C0B-96BB-40CF78498087}.Release|Any CPU.Build.0 = Release|Any CPU
		{B22B7AC9-2877-46BD-A0C3-8D721AF68D6A}.Debug|Any CPU.ActiveCfg = Debug|Any CPU
		{B22B7AC9-2877-46BD-A0C3-8D721AF68D6A}.Debug|Any CPU.Build.0 = Debug|Any CPU
		{B22B7AC9-2877-46BD-A0C3-8D721AF68D6A}.Release|Any CPU.ActiveCfg = Release|Any CPU
		{B22B7AC9-2877-46BD-A0C3-8D721AF68D6A}.Release|Any CPU.Build.0 = Release|Any CPU
		{8E9AB452-2BB6-4FE5-8678-D7EEFE2482AD}.Debug|Any CPU.ActiveCfg = Debug|Any CPU
		{8E9AB452-2BB6-4FE5-8678-D7EEFE2482AD}.Debug|Any CPU.Build.0 = Debug|Any CPU
		{8E9AB452-2BB6-4FE5-8678-D7EEFE2482AD}.Release|Any CPU.ActiveCfg = Release|Any CPU
		{8E9AB452-2BB6-4FE5-8678-D7EEFE2482AD}.Release|Any CPU.Build.0 = Release|Any CPU
		{3433C4ED-E5F9-406D-A24A-EAF779263C7E}.Debug|Any CPU.ActiveCfg = Debug|Any CPU
		{3433C4ED-E5F9-406D-A24A-EAF779263C7E}.Debug|Any CPU.Build.0 = Debug|Any CPU
		{3433C4ED-E5F9-406D-A24A-EAF779263C7E}.Release|Any CPU.ActiveCfg = Release|Any CPU
		{3433C4ED-E5F9-406D-A24A-EAF779263C7E}.Release|Any CPU.Build.0 = Release|Any CPU
		{472580DF-EAB4-4FF1-83A3-E8E744B4C473}.Debug|Any CPU.ActiveCfg = Debug|Any CPU
		{472580DF-EAB4-4FF1-83A3-E8E744B4C473}.Debug|Any CPU.Build.0 = Debug|Any CPU
		{472580DF-EAB4-4FF1-83A3-E8E744B4C473}.Release|Any CPU.ActiveCfg = Release|Any CPU
		{472580DF-EAB4-4FF1-83A3-E8E744B4C473}.Release|Any CPU.Build.0 = Release|Any CPU
		{49AEDDA8-7C26-44A2-A357-8AA03BB9733E}.Debug|Any CPU.ActiveCfg = Debug|Any CPU
		{49AEDDA8-7C26-44A2-A357-8AA03BB9733E}.Debug|Any CPU.Build.0 = Debug|Any CPU
		{49AEDDA8-7C26-44A2-A357-8AA03BB9733E}.Release|Any CPU.ActiveCfg = Release|Any CPU
		{49AEDDA8-7C26-44A2-A357-8AA03BB9733E}.Release|Any CPU.Build.0 = Release|Any CPU
		{FF844060-1A93-4C18-84C4-69DDF4EADEA0}.Debug|Any CPU.ActiveCfg = Debug|Any CPU
		{FF844060-1A93-4C18-84C4-69DDF4EADEA0}.Debug|Any CPU.Build.0 = Debug|Any CPU
		{FF844060-1A93-4C18-84C4-69DDF4EADEA0}.Release|Any CPU.ActiveCfg = Release|Any CPU
		{FF844060-1A93-4C18-84C4-69DDF4EADEA0}.Release|Any CPU.Build.0 = Release|Any CPU
		{2B04A941-1D22-4360-9826-41758ABDAA7D}.Debug|Any CPU.ActiveCfg = Debug|Any CPU
		{2B04A941-1D22-4360-9826-41758ABDAA7D}.Debug|Any CPU.Build.0 = Debug|Any CPU
		{2B04A941-1D22-4360-9826-41758ABDAA7D}.Release|Any CPU.ActiveCfg = Release|Any CPU
		{2B04A941-1D22-4360-9826-41758ABDAA7D}.Release|Any CPU.Build.0 = Release|Any CPU
		{EEC26EFB-0EA0-431C-82F7-596B825E89CC}.Debug|Any CPU.ActiveCfg = Debug|Any CPU
		{EEC26EFB-0EA0-431C-82F7-596B825E89CC}.Debug|Any CPU.Build.0 = Debug|Any CPU
		{EEC26EFB-0EA0-431C-82F7-596B825E89CC}.Release|Any CPU.ActiveCfg = Release|Any CPU
		{EEC26EFB-0EA0-431C-82F7-596B825E89CC}.Release|Any CPU.Build.0 = Release|Any CPU
		{E0714C01-007B-42D2-8D8F-5F4496898298}.Debug|Any CPU.ActiveCfg = Debug|Any CPU
		{E0714C01-007B-42D2-8D8F-5F4496898298}.Debug|Any CPU.Build.0 = Debug|Any CPU
		{E0714C01-007B-42D2-8D8F-5F4496898298}.Release|Any CPU.ActiveCfg = Release|Any CPU
		{E0714C01-007B-42D2-8D8F-5F4496898298}.Release|Any CPU.Build.0 = Release|Any CPU
		{07D359C0-9D3C-439D-8EA5-2F7558672D9E}.Debug|Any CPU.ActiveCfg = Debug|Any CPU
		{07D359C0-9D3C-439D-8EA5-2F7558672D9E}.Debug|Any CPU.Build.0 = Debug|Any CPU
		{07D359C0-9D3C-439D-8EA5-2F7558672D9E}.Release|Any CPU.ActiveCfg = Release|Any CPU
		{07D359C0-9D3C-439D-8EA5-2F7558672D9E}.Release|Any CPU.Build.0 = Release|Any CPU
		{69C3B70F-92C8-4ED4-AF8E-ACD0941A168A}.Debug|Any CPU.ActiveCfg = Debug|Any CPU
		{69C3B70F-92C8-4ED4-AF8E-ACD0941A168A}.Debug|Any CPU.Build.0 = Debug|Any CPU
		{69C3B70F-92C8-4ED4-AF8E-ACD0941A168A}.Release|Any CPU.ActiveCfg = Release|Any CPU
		{69C3B70F-92C8-4ED4-AF8E-ACD0941A168A}.Release|Any CPU.Build.0 = Release|Any CPU
		{4E2F837B-DF0A-46F1-9481-91DDD1195508}.Debug|Any CPU.ActiveCfg = Debug|Any CPU
		{4E2F837B-DF0A-46F1-9481-91DDD1195508}.Debug|Any CPU.Build.0 = Debug|Any CPU
		{4E2F837B-DF0A-46F1-9481-91DDD1195508}.Release|Any CPU.ActiveCfg = Release|Any CPU
		{4E2F837B-DF0A-46F1-9481-91DDD1195508}.Release|Any CPU.Build.0 = Release|Any CPU
		{2AE5E7D5-636A-449D-8693-A2E1EB1E6689}.Debug|Any CPU.ActiveCfg = Debug|Any CPU
		{2AE5E7D5-636A-449D-8693-A2E1EB1E6689}.Debug|Any CPU.Build.0 = Debug|Any CPU
		{2AE5E7D5-636A-449D-8693-A2E1EB1E6689}.Release|Any CPU.ActiveCfg = Release|Any CPU
		{2AE5E7D5-636A-449D-8693-A2E1EB1E6689}.Release|Any CPU.Build.0 = Release|Any CPU
		{A2FC39BB-8208-4C3B-B0DD-27677CE6D9B1}.Debug|Any CPU.ActiveCfg = Debug|Any CPU
		{A2FC39BB-8208-4C3B-B0DD-27677CE6D9B1}.Debug|Any CPU.Build.0 = Debug|Any CPU
		{A2FC39BB-8208-4C3B-B0DD-27677CE6D9B1}.Release|Any CPU.ActiveCfg = Release|Any CPU
		{A2FC39BB-8208-4C3B-B0DD-27677CE6D9B1}.Release|Any CPU.Build.0 = Release|Any CPU
		{2F62AE86-1689-46C9-8012-7AC8BF0F300B}.Debug|Any CPU.ActiveCfg = Debug|Any CPU
		{2F62AE86-1689-46C9-8012-7AC8BF0F300B}.Debug|Any CPU.Build.0 = Debug|Any CPU
		{2F62AE86-1689-46C9-8012-7AC8BF0F300B}.Release|Any CPU.ActiveCfg = Release|Any CPU
		{2F62AE86-1689-46C9-8012-7AC8BF0F300B}.Release|Any CPU.Build.0 = Release|Any CPU
		{BC973326-B6B0-4FA0-B13C-4D6994EC05E2}.Debug|Any CPU.ActiveCfg = Debug|Any CPU
		{BC973326-B6B0-4FA0-B13C-4D6994EC05E2}.Debug|Any CPU.Build.0 = Debug|Any CPU
		{BC973326-B6B0-4FA0-B13C-4D6994EC05E2}.Release|Any CPU.ActiveCfg = Release|Any CPU
		{BC973326-B6B0-4FA0-B13C-4D6994EC05E2}.Release|Any CPU.Build.0 = Release|Any CPU
		{E9D462E6-AF3E-4727-B477-69A262017924}.Debug|Any CPU.ActiveCfg = Debug|Any CPU
		{E9D462E6-AF3E-4727-B477-69A262017924}.Debug|Any CPU.Build.0 = Debug|Any CPU
		{E9D462E6-AF3E-4727-B477-69A262017924}.Release|Any CPU.ActiveCfg = Release|Any CPU
		{E9D462E6-AF3E-4727-B477-69A262017924}.Release|Any CPU.Build.0 = Release|Any CPU
		{50EDEC37-8C9D-4D65-95AE-618CA7A7C390}.Debug|Any CPU.ActiveCfg = Debug|Any CPU
		{50EDEC37-8C9D-4D65-95AE-618CA7A7C390}.Debug|Any CPU.Build.0 = Debug|Any CPU
		{50EDEC37-8C9D-4D65-95AE-618CA7A7C390}.Release|Any CPU.ActiveCfg = Release|Any CPU
		{50EDEC37-8C9D-4D65-95AE-618CA7A7C390}.Release|Any CPU.Build.0 = Release|Any CPU
		{F4B21F63-A0F6-45E1-8AB3-1A80E0ABAA4D}.Debug|Any CPU.ActiveCfg = Debug|Any CPU
		{F4B21F63-A0F6-45E1-8AB3-1A80E0ABAA4D}.Debug|Any CPU.Build.0 = Debug|Any CPU
		{F4B21F63-A0F6-45E1-8AB3-1A80E0ABAA4D}.Release|Any CPU.ActiveCfg = Release|Any CPU
		{F4B21F63-A0F6-45E1-8AB3-1A80E0ABAA4D}.Release|Any CPU.Build.0 = Release|Any CPU
		{C85EEA18-7B5F-425F-986A-2886370866CF}.Debug|Any CPU.ActiveCfg = Debug|Any CPU
		{C85EEA18-7B5F-425F-986A-2886370866CF}.Debug|Any CPU.Build.0 = Debug|Any CPU
		{C85EEA18-7B5F-425F-986A-2886370866CF}.Release|Any CPU.ActiveCfg = Release|Any CPU
		{C85EEA18-7B5F-425F-986A-2886370866CF}.Release|Any CPU.Build.0 = Release|Any CPU
		{37DCE87D-ED39-4595-8038-934B77FFC040}.Debug|Any CPU.ActiveCfg = Debug|Any CPU
		{37DCE87D-ED39-4595-8038-934B77FFC040}.Debug|Any CPU.Build.0 = Debug|Any CPU
		{37DCE87D-ED39-4595-8038-934B77FFC040}.Release|Any CPU.ActiveCfg = Release|Any CPU
		{37DCE87D-ED39-4595-8038-934B77FFC040}.Release|Any CPU.Build.0 = Release|Any CPU
		{E1AB1052-FF9D-4CB5-AEE8-A592B9B02FC9}.Debug|Any CPU.ActiveCfg = Debug|Any CPU
		{E1AB1052-FF9D-4CB5-AEE8-A592B9B02FC9}.Debug|Any CPU.Build.0 = Debug|Any CPU
		{E1AB1052-FF9D-4CB5-AEE8-A592B9B02FC9}.Release|Any CPU.ActiveCfg = Release|Any CPU
		{E1AB1052-FF9D-4CB5-AEE8-A592B9B02FC9}.Release|Any CPU.Build.0 = Release|Any CPU
	EndGlobalSection
	GlobalSection(SolutionProperties) = preSolution
		HideSolutionNode = FALSE
	EndGlobalSection
	GlobalSection(NestedProjects) = preSolution
		{3433C4ED-E5F9-406D-A24A-EAF779263C7E} = {CFFA5A0F-F475-4C65-B129-AB12F04D143F}
		{201C8FAA-8634-4F5C-A6B6-153D09A09D17} = {CFFA5A0F-F475-4C65-B129-AB12F04D143F}
		{49AEDDA8-7C26-44A2-A357-8AA03BB9733E} = {201C8FAA-8634-4F5C-A6B6-153D09A09D17}
		{472580DF-EAB4-4FF1-83A3-E8E744B4C473} = {201C8FAA-8634-4F5C-A6B6-153D09A09D17}
		{23C82D92-81B0-44C5-9BA5-1396C91A27C4} = {CFFA5A0F-F475-4C65-B129-AB12F04D143F}
		{B22B7AC9-2877-46BD-A0C3-8D721AF68D6A} = {23C82D92-81B0-44C5-9BA5-1396C91A27C4}
		{FF844060-1A93-4C18-84C4-69DDF4EADEA0} = {23C82D92-81B0-44C5-9BA5-1396C91A27C4}
		{61E6D02D-1847-4F6A-AF15-DA2242B18DA5} = {CFFA5A0F-F475-4C65-B129-AB12F04D143F}
		{EEC26EFB-0EA0-431C-82F7-596B825E89CC} = {61E6D02D-1847-4F6A-AF15-DA2242B18DA5}
		{AFE2D363-B7C9-4923-B221-1A123FE18668} = {61E6D02D-1847-4F6A-AF15-DA2242B18DA5}
		{E0714C01-007B-42D2-8D8F-5F4496898298} = {AFE2D363-B7C9-4923-B221-1A123FE18668}
		{07D359C0-9D3C-439D-8EA5-2F7558672D9E} = {61E6D02D-1847-4F6A-AF15-DA2242B18DA5}
		{B1322EC2-D6DF-4074-8118-A3C52E7B6E39} = {CFFA5A0F-F475-4C65-B129-AB12F04D143F}
		{69C3B70F-92C8-4ED4-AF8E-ACD0941A168A} = {B1322EC2-D6DF-4074-8118-A3C52E7B6E39}
		{01D3D895-7145-4230-90A3-53CFDC500DC0} = {CFFA5A0F-F475-4C65-B129-AB12F04D143F}
		{8E9AB452-2BB6-4FE5-8678-D7EEFE2482AD} = {01D3D895-7145-4230-90A3-53CFDC500DC0}
		{4E2F837B-DF0A-46F1-9481-91DDD1195508} = {B7C06F71-5B98-41CF-8549-CE9466762AF7}
		{0FD1A44A-A10B-4514-95A9-82143DAA4CFD} = {CFFA5A0F-F475-4C65-B129-AB12F04D143F}
		{2B04A941-1D22-4360-9826-41758ABDAA7D} = {0FD1A44A-A10B-4514-95A9-82143DAA4CFD}
		{2AE5E7D5-636A-449D-8693-A2E1EB1E6689} = {0FD1A44A-A10B-4514-95A9-82143DAA4CFD}
		{BB035B79-F8A4-4A8F-9E65-F7BF4DDC77C9} = {67843DFE-B47A-4EFF-AF41-97AEEEEF9176}
		{A2FC39BB-8208-4C3B-B0DD-27677CE6D9B1} = {BB035B79-F8A4-4A8F-9E65-F7BF4DDC77C9}
		{2F62AE86-1689-46C9-8012-7AC8BF0F300B} = {BB035B79-F8A4-4A8F-9E65-F7BF4DDC77C9}
		{BC973326-B6B0-4FA0-B13C-4D6994EC05E2} = {BB035B79-F8A4-4A8F-9E65-F7BF4DDC77C9}
		{E9D462E6-AF3E-4727-B477-69A262017924} = {BB035B79-F8A4-4A8F-9E65-F7BF4DDC77C9}
		{D2703CA3-D612-4ECD-B86E-A1467B7A3488} = {201C8FAA-8634-4F5C-A6B6-153D09A09D17}
		{50EDEC37-8C9D-4D65-95AE-618CA7A7C390} = {D2703CA3-D612-4ECD-B86E-A1467B7A3488}
		{F4B21F63-A0F6-45E1-8AB3-1A80E0ABAA4D} = {D2703CA3-D612-4ECD-B86E-A1467B7A3488}
		{C85EEA18-7B5F-425F-986A-2886370866CF} = {201C8FAA-8634-4F5C-A6B6-153D09A09D17}
		{37DCE87D-ED39-4595-8038-934B77FFC040} = {23C82D92-81B0-44C5-9BA5-1396C91A27C4}
		{E1AB1052-FF9D-4CB5-AEE8-A592B9B02FC9} = {CFFA5A0F-F475-4C65-B129-AB12F04D143F}
	EndGlobalSection
	GlobalSection(ExtensibilityGlobals) = postSolution
		SolutionGuid = {65745345-0BDD-47C9-B2BE-8FD67E7C81FB}
	EndGlobalSection
EndGlobal
